
Microsoft Visual Studio Solution File, Format Version 12.00
# Visual Studio Version 17
VisualStudioVersion = 17.5.33530.505
MinimumVisualStudioVersion = 10.0.40219.1
Project("{9A19103F-16F7-4668-BE54-9A1E7A4F7556}") = "BackendAPI", "BackendAPI\BackendAPI.csproj", "{5FE7686C-D556-4A3D-9126-9F8C23C36913}"
EndProject
Project("{54A90642-561A-4BB1-A94E-469ADEE60C69}") = "frontend", "frontend\frontend.esproj", "{19F7B88C-7F9B-4407-AFC5-96B3E7ECF14C}"
EndProject
Global
	GlobalSection(SolutionConfigurationPlatforms) = preSolution
		Debug|Any CPU = Debug|Any CPU
		Release|Any CPU = Release|Any CPU
	EndGlobalSection
	GlobalSection(ProjectConfigurationPlatforms) = postSolution
		{5FE7686C-D556-4A3D-9126-9F8C23C36913}.Debug|Any CPU.ActiveCfg = Debug|Any CPU
		{5FE7686C-D556-4A3D-9126-9F8C23C36913}.Debug|Any CPU.Build.0 = Debug|Any CPU
		{5FE7686C-D556-4A3D-9126-9F8C23C36913}.Release|Any CPU.ActiveCfg = Release|Any CPU
		{5FE7686C-D556-4A3D-9126-9F8C23C36913}.Release|Any CPU.Build.0 = Release|Any CPU
		{19F7B88C-7F9B-4407-AFC5-96B3E7ECF14C}.Debug|Any CPU.ActiveCfg = Debug|Any CPU
		{19F7B88C-7F9B-4407-AFC5-96B3E7ECF14C}.Debug|Any CPU.Build.0 = Debug|Any CPU
		{19F7B88C-7F9B-4407-AFC5-96B3E7ECF14C}.Debug|Any CPU.Deploy.0 = Debug|Any CPU
		{19F7B88C-7F9B-4407-AFC5-96B3E7ECF14C}.Release|Any CPU.ActiveCfg = Release|Any CPU
		{19F7B88C-7F9B-4407-AFC5-96B3E7ECF14C}.Release|Any CPU.Build.0 = Release|Any CPU
		{19F7B88C-7F9B-4407-AFC5-96B3E7ECF14C}.Release|Any CPU.Deploy.0 = Release|Any CPU
	EndGlobalSection
	GlobalSection(SolutionProperties) = preSolution
		HideSolutionNode = FALSE
	EndGlobalSection
	GlobalSection(ExtensibilityGlobals) = postSolution
		SolutionGuid = {4250BA1F-1E99-43B1-93AA-635538AA0E3D}
	EndGlobalSection
EndGlobal
